
Microsoft Visual Studio Solution File, Format Version 12.00
# Visual Studio Version 16
VisualStudioVersion = 16.0.29613.14
MinimumVisualStudioVersion = 10.0.40219.1
Project("{FAE04EC0-301F-11D3-BF4B-00C04F79EFBC}") = "WSDemo", "WSDemo\WSDemo.csproj", "{4D3A4D58-1188-4F90-9ED3-B0DC8A8E2EF3}"
EndProject
Global
	GlobalSection(SolutionConfigurationPlatforms) = preSolution
		Debug|Any CPU = Debug|Any CPU
		Release|Any CPU = Release|Any CPU
	EndGlobalSection
	GlobalSection(ProjectConfigurationPlatforms) = postSolution
		{4D3A4D58-1188-4F90-9ED3-B0DC8A8E2EF3}.Debug|Any CPU.ActiveCfg = Debug|Any CPU
		{4D3A4D58-1188-4F90-9ED3-B0DC8A8E2EF3}.Debug|Any CPU.Build.0 = Debug|Any CPU
		{4D3A4D58-1188-4F90-9ED3-B0DC8A8E2EF3}.Release|Any CPU.ActiveCfg = Release|Any CPU
		{4D3A4D58-1188-4F90-9ED3-B0DC8A8E2EF3}.Release|Any CPU.Build.0 = Release|Any CPU
	EndGlobalSection
	GlobalSection(SolutionProperties) = preSolution
		HideSolutionNode = FALSE
	EndGlobalSection
	GlobalSection(ExtensibilityGlobals) = postSolution
		SolutionGuid = {E9EF2D0F-2C70-4CD3-9B6F-DAC4F23E66CA}
	EndGlobalSection
EndGlobal
