
Microsoft Visual Studio Solution File, Format Version 12.00
# Visual Studio Version 16
VisualStudioVersion = 16.0.29613.14
MinimumVisualStudioVersion = 10.0.40219.1
Project("{FAE04EC0-301F-11D3-BF4B-00C04F79EFBC}") = "Config.Api", "Config.Api\Config.Api.csproj", "{FF8B4A2F-86D2-4E82-BDAF-2B722CD0C89C}"
EndProject
Project("{FAE04EC0-301F-11D3-BF4B-00C04F79EFBC}") = "Api", "Api\Api.csproj", "{D0EBB6C8-FD1E-4A55-94B8-4365413B64E3}"
EndProject
Project("{FAE04EC0-301F-11D3-BF4B-00C04F79EFBC}") = "ConfigDemo", "ConfigDemo\ConfigDemo.csproj", "{3F5A37AC-ADFD-46AA-9BB9-018B70D9866E}"
EndProject
Global
	GlobalSection(SolutionConfigurationPlatforms) = preSolution
		Debug|Any CPU = Debug|Any CPU
		Release|Any CPU = Release|Any CPU
	EndGlobalSection
	GlobalSection(ProjectConfigurationPlatforms) = postSolution
		{FF8B4A2F-86D2-4E82-BDAF-2B722CD0C89C}.Debug|Any CPU.ActiveCfg = Debug|Any CPU
		{FF8B4A2F-86D2-4E82-BDAF-2B722CD0C89C}.Debug|Any CPU.Build.0 = Debug|Any CPU
		{FF8B4A2F-86D2-4E82-BDAF-2B722CD0C89C}.Release|Any CPU.ActiveCfg = Release|Any CPU
		{FF8B4A2F-86D2-4E82-BDAF-2B722CD0C89C}.Release|Any CPU.Build.0 = Release|Any CPU
		{D0EBB6C8-FD1E-4A55-94B8-4365413B64E3}.Debug|Any CPU.ActiveCfg = Debug|Any CPU
		{D0EBB6C8-FD1E-4A55-94B8-4365413B64E3}.Debug|Any CPU.Build.0 = Debug|Any CPU
		{D0EBB6C8-FD1E-4A55-94B8-4365413B64E3}.Release|Any CPU.ActiveCfg = Release|Any CPU
		{D0EBB6C8-FD1E-4A55-94B8-4365413B64E3}.Release|Any CPU.Build.0 = Release|Any CPU
		{3F5A37AC-ADFD-46AA-9BB9-018B70D9866E}.Debug|Any CPU.ActiveCfg = Debug|Any CPU
		{3F5A37AC-ADFD-46AA-9BB9-018B70D9866E}.Debug|Any CPU.Build.0 = Debug|Any CPU
		{3F5A37AC-ADFD-46AA-9BB9-018B70D9866E}.Release|Any CPU.ActiveCfg = Release|Any CPU
		{3F5A37AC-ADFD-46AA-9BB9-018B70D9866E}.Release|Any CPU.Build.0 = Release|Any CPU
	EndGlobalSection
	GlobalSection(SolutionProperties) = preSolution
		HideSolutionNode = FALSE
	EndGlobalSection
	GlobalSection(ExtensibilityGlobals) = postSolution
		SolutionGuid = {4BD219B2-A8B5-4EB5-AF81-71640715E1A1}
	EndGlobalSection
EndGlobal
